
Microsoft Visual Studio Solution File, Format Version 12.00
# Visual Studio Version 16
VisualStudioVersion = 16.0.31911.196
MinimumVisualStudioVersion = 10.0.40219.1
Project("{FAE04EC0-301F-11D3-BF4B-00C04F79EFBC}") = "NPH-Project", "NPH-Project.csproj", "{90C139FF-09DE-4929-9669-FF6607F684EF}"
EndProject
Project("{FAE04EC0-301F-11D3-BF4B-00C04F79EFBC}") = "NPH-Project.Tests", "..\NPH-Project.Tests\NPH-Project.Tests.csproj", "{35BA1968-0A5D-453F-B2DE-A89B08196655}"
EndProject
Project("{FAE04EC0-301F-11D3-BF4B-00C04F79EFBC}") = "Models", "..\Models\Models.csproj", "{7EAAE034-C2DC-45F2-BCEE-A1AA9BC55F93}"
EndProject
Project("{FAE04EC0-301F-11D3-BF4B-00C04F79EFBC}") = "Common", "..\Common\Common.csproj", "{FD031F41-7111-4734-8E0B-A9BDA96AF04E}"
EndProject
Global
	GlobalSection(SolutionConfigurationPlatforms) = preSolution
		Debug|Any CPU = Debug|Any CPU
		Release|Any CPU = Release|Any CPU
	EndGlobalSection
	GlobalSection(ProjectConfigurationPlatforms) = postSolution
		{90C139FF-09DE-4929-9669-FF6607F684EF}.Debug|Any CPU.ActiveCfg = Debug|Any CPU
		{90C139FF-09DE-4929-9669-FF6607F684EF}.Debug|Any CPU.Build.0 = Debug|Any CPU
		{90C139FF-09DE-4929-9669-FF6607F684EF}.Release|Any CPU.ActiveCfg = Release|Any CPU
		{90C139FF-09DE-4929-9669-FF6607F684EF}.Release|Any CPU.Build.0 = Release|Any CPU
		{35BA1968-0A5D-453F-B2DE-A89B08196655}.Debug|Any CPU.ActiveCfg = Debug|Any CPU
		{35BA1968-0A5D-453F-B2DE-A89B08196655}.Debug|Any CPU.Build.0 = Debug|Any CPU
		{35BA1968-0A5D-453F-B2DE-A89B08196655}.Release|Any CPU.ActiveCfg = Release|Any CPU
		{35BA1968-0A5D-453F-B2DE-A89B08196655}.Release|Any CPU.Build.0 = Release|Any CPU
		{7EAAE034-C2DC-45F2-BCEE-A1AA9BC55F93}.Debug|Any CPU.ActiveCfg = Debug|Any CPU
		{7EAAE034-C2DC-45F2-BCEE-A1AA9BC55F93}.Debug|Any CPU.Build.0 = Debug|Any CPU
		{7EAAE034-C2DC-45F2-BCEE-A1AA9BC55F93}.Release|Any CPU.ActiveCfg = Release|Any CPU
		{7EAAE034-C2DC-45F2-BCEE-A1AA9BC55F93}.Release|Any CPU.Build.0 = Release|Any CPU
		{FD031F41-7111-4734-8E0B-A9BDA96AF04E}.Debug|Any CPU.ActiveCfg = Debug|Any CPU
		{FD031F41-7111-4734-8E0B-A9BDA96AF04E}.Debug|Any CPU.Build.0 = Debug|Any CPU
		{FD031F41-7111-4734-8E0B-A9BDA96AF04E}.Release|Any CPU.ActiveCfg = Release|Any CPU
		{FD031F41-7111-4734-8E0B-A9BDA96AF04E}.Release|Any CPU.Build.0 = Release|Any CPU
	EndGlobalSection
	GlobalSection(SolutionProperties) = preSolution
		HideSolutionNode = FALSE
	EndGlobalSection
	GlobalSection(ExtensibilityGlobals) = postSolution
		SolutionGuid = {E94DF2D3-5586-49F4-BB41-F47950ED18C0}
	EndGlobalSection
EndGlobal
